
Microsoft Visual Studio Solution File, Format Version 12.00
# Visual Studio Version 16
VisualStudioVersion = 16.0.31328.270
MinimumVisualStudioVersion = 10.0.40219.1
Project("{FAE04EC0-301F-11D3-BF4B-00C04F79EFBC}") = "SBSender", "SBSender\SBSender.csproj", "{7B600C13-826D-404D-8C12-E19CD18B0B89}"
EndProject
Project("{FAE04EC0-301F-11D3-BF4B-00C04F79EFBC}") = "SBShared", "SBShared\SBShared.csproj", "{7BC8BE3A-7AA5-4B91-B0D9-39E993877693}"
EndProject
Project("{FAE04EC0-301F-11D3-BF4B-00C04F79EFBC}") = "SBReceiver", "SBReceiver\SBReceiver.csproj", "{10A87A19-6235-4BDC-A3E1-17A798CB76B2}"
EndProject
Global
	GlobalSection(SolutionConfigurationPlatforms) = preSolution
		Debug|Any CPU = Debug|Any CPU
		Release|Any CPU = Release|Any CPU
	EndGlobalSection
	GlobalSection(ProjectConfigurationPlatforms) = postSolution
		{7B600C13-826D-404D-8C12-E19CD18B0B89}.Debug|Any CPU.ActiveCfg = Debug|Any CPU
		{7B600C13-826D-404D-8C12-E19CD18B0B89}.Debug|Any CPU.Build.0 = Debug|Any CPU
		{7B600C13-826D-404D-8C12-E19CD18B0B89}.Release|Any CPU.ActiveCfg = Release|Any CPU
		{7B600C13-826D-404D-8C12-E19CD18B0B89}.Release|Any CPU.Build.0 = Release|Any CPU
		{7BC8BE3A-7AA5-4B91-B0D9-39E993877693}.Debug|Any CPU.ActiveCfg = Debug|Any CPU
		{7BC8BE3A-7AA5-4B91-B0D9-39E993877693}.Debug|Any CPU.Build.0 = Debug|Any CPU
		{7BC8BE3A-7AA5-4B91-B0D9-39E993877693}.Release|Any CPU.ActiveCfg = Release|Any CPU
		{7BC8BE3A-7AA5-4B91-B0D9-39E993877693}.Release|Any CPU.Build.0 = Release|Any CPU
		{10A87A19-6235-4BDC-A3E1-17A798CB76B2}.Debug|Any CPU.ActiveCfg = Debug|Any CPU
		{10A87A19-6235-4BDC-A3E1-17A798CB76B2}.Debug|Any CPU.Build.0 = Debug|Any CPU
		{10A87A19-6235-4BDC-A3E1-17A798CB76B2}.Release|Any CPU.ActiveCfg = Release|Any CPU
		{10A87A19-6235-4BDC-A3E1-17A798CB76B2}.Release|Any CPU.Build.0 = Release|Any CPU
	EndGlobalSection
	GlobalSection(SolutionProperties) = preSolution
		HideSolutionNode = FALSE
	EndGlobalSection
	GlobalSection(ExtensibilityGlobals) = postSolution
		SolutionGuid = {E8B952F3-EBB7-4637-911C-DF7AD803E2EF}
	EndGlobalSection
EndGlobal
